{
  "name": "Main_Eval_Module3",
  "lockfileVersion": 3,
  "requires": true,
  "packages": {
    "": {
      "dependencies": {
        "react-router-dom": "^6.30.2"
      }
    },
    "node_modules/@remix-run/router": {
      "version": "1.23.1",
      "resolved": "https://registry.npmjs.org/@remix-run/router/-/router-1.23.1.tgz",
      "integrity": "sha512-vDbaOzF7yT2Qs4vO6XV1MHcJv+3dgR1sT+l3B8xxOVhUC336prMvqrvsLL/9Dnw2xr6Qhz4J0dmS0llNAbnUmQ==",
      "license": "MIT",
      "engines": {
        "node": ">=14.0.0"
      }
    },
    "node_modules/react": {
      "version": "19.2.3",
      "resolved": "https://registry.npmjs.org/react/-/react-19.2.3.tgz",
      "integrity": "sha512-Ku/hhYbVjOQnXDZFv2+RibmLFGwFdeeKHFcOTlrt7xplBnya5OGn/hIRDsqDiSUcfORsDC7MPxwork8jBwsIWA==",
      "license": "MIT",
      "peer": true,
      "engines": {
        "node": ">=0.10.0"
      }
    },
    "node_modules/react-dom": {
      "version": "19.2.3",
      "resolved": "https://registry.npmjs.org/react-dom/-/react-dom-19.2.3.tgz",
      "integrity": "sha512-yELu4WmLPw5Mr/lmeEpox5rw3RETacE++JgHqQzd2dg+YbJuat3jH4ingc+WPZhxaoFzdv9y33G+F7Nl5O0GBg==",
      "license": "MIT",
      "peer": true,
      "dependencies": {
        "scheduler": "^0.27.0"
      },
      "peerDependencies": {
        "react": "^19.2.3"
      }
    },
    "node_modules/react-router": {
      "version": "6.30.2",
      "resolved": "https://registry.npmjs.org/react-router/-/react-router-6.30.2.tgz",
      "integrity": "sha512-H2Bm38Zu1bm8KUE5NVWRMzuIyAV8p/JrOaBJAwVmp37AXG72+CZJlEBw6pdn9i5TBgLMhNDgijS4ZlblpHyWTA==",
      "license": "MIT",
      "dependencies": {
        "@remix-run/router": "1.23.1"
      },
      "engines": {
        "node": ">=14.0.0"
      },
      "peerDependencies": {
        "react": ">=16.8"
      }
    },
    "node_modules/react-router-dom": {
      "version": "6.30.2",
      "resolved": "https://registry.npmjs.org/react-router-dom/-/react-router-dom-6.30.2.tgz",
      "integrity": "sha512-l2OwHn3UUnEVUqc6/1VMmR1cvZryZ3j3NzapC2eUXO1dB0sYp5mvwdjiXhpUbRb21eFow3qSxpP8Yv6oAU824Q==",
      "license": "MIT",
      "dependencies": {
        "@remix-run/router": "1.23.1",
        "react-router": "6.30.2"
      },
      "engines": {
        "node": ">=14.0.0"
      },
      "peerDependencies": {
        "react": ">=16.8",
        "react-dom": ">=16.8"
      }
    },
    "node_modules/scheduler": {
      "version": "0.27.0",
      "resolved": "https://registry.npmjs.org/scheduler/-/scheduler-0.27.0.tgz",
      "integrity": "sha512-eNv+WrVbKu1f3vbYJT/xtiF5syA5HPIMtf9IgY/nKg0sWqzAUEvqY/xm7OcZc/qafLx/iO9FgOmeSAp4v5ti/Q==",
      "license": "MIT",
      "peer": true
    }
  }
}
